# This file is automatically @generated by Cargo.
# It is not intended for manual editing.
version = 3

[[package]]
name = "distances"
version = "0.1.0"
dependencies = [
 "json",
]

[[package]]
name = "json"
version = "0.11.13"
source = "registry+https://github.com/rust-lang/crates.io-index"
checksum = "9ad0485404155f45cce53a40d4b2d6ac356418300daed05273d9e26f91c390be"
